// !$*UTF8*$!
{
	archiveVersion = 1;
	classes = {
	};
	objectVersion = 46;
	objects = {

/* Begin PBXBuildFile section */
		C4D343E71B5E460F00720334 /* main.m in Sources */ = {isa = PBXBuildFile; fileRef = C4D343E61B5E460F00720334 /* main.m */; };
		C4D343EA1B5E460F00720334 /* AppDelegate.m in Sources */ = {isa = PBXBuildFile; fileRef = C4D343E91B5E460F00720334 /* AppDelegate.m */; };
		C4D343ED1B5E460F00720334 /* ViewController.m in Sources */ = {isa = PBXBuildFile; fileRef = C4D343EC1B5E460F00720334 /* ViewController.m */; };
		C4D343F01B5E460F00720334 /* Main.storyboard in Resources */ = {isa = PBXBuildFile; fileRef = C4D343EE1B5E460F00720334 /* Main.storyboard */; };
		C4D343F21B5E460F00720334 /* Images.xcassets in Resources */ = {isa = PBXBuildFile; fileRef = C4D343F11B5E460F00720334 /* Images.xcassets */; };
		C4D343F51B5E460F00720334 /* LaunchScreen.xib in Resources */ = {isa = PBXBuildFile; fileRef = C4D343F31B5E460F00720334 /* LaunchScreen.xib */; };
		C4D344011B5E460F00720334 /* LSDropDownListTests.m in Sources */ = {isa = PBXBuildFile; fileRef = C4D344001B5E460F00720334 /* LSDropDownListTests.m */; };
/* End PBXBuildFile section */

/* Begin PBXContainerItemProxy section */
		C4D343FB1B5E460F00720334 /* PBXContainerItemProxy */ = {
			isa = PBXContainerItemProxy;
			containerPortal = C4D343D91B5E460F00720334 /* Project object */;
			proxyType = 1;
			remoteGlobalIDString = C4D343E01B5E460F00720334;
			remoteInfo = LSDropDownList;
		};
/* End PBXContainerItemProxy section */

/* Begin PBXFileReference section */
		C4D343E11B5E460F00720334 /* LSDropDownList.app */ = {isa = PBXFileReference; explicitFileType = wrapper.application; includeInIndex = 0; path = LSDropDownList.app; sourceTree = BUILT_PRODUCTS_DIR; };
		C4D343E51B5E460F00720334 /* Info.plist */ = {isa = PBXFileReference; lastKnownFileType = text.plist.xml; path = Info.plist; sourceTree = "<group>"; };
		C4D343E61B5E460F00720334 /* main.m */ = {isa = PBXFileReference; lastKnownFileType = sourcecode.c.objc; path = main.m; sourceTree = "<group>"; };
		C4D343E81B5E460F00720334 /* AppDelegate.h */ = {isa = PBXFileReference; lastKnownFileType = sourcecode.c.h; path = AppDelegate.h; sourceTree = "<group>"; };
		C4D343E91B5E460F00720334 /* AppDelegate.m */ = {isa = PBXFileReference; lastKnownFileType = sourcecode.c.objc; path = AppDelegate.m; sourceTree = "<group>"; };
		C4D343EB1B5E460F00720334 /* ViewController.h */ = {isa = PBXFileReference; lastKnownFileType = sourcecode.c.h; path = ViewController.h; sourceTree = "<group>"; };
		C4D343EC1B5E460F00720334 /* ViewController.m */ = {isa = PBXFileReference; lastKnownFileType = sourcecode.c.objc; path = ViewController.m; sourceTree = "<group>"; };
		C4D343EF1B5E460F00720334 /* Base */ = {isa = PBXFileReference; lastKnownFileType = file.storyboard; name = Base; path = Base.lproj/Main.storyboard; sourceTree = "<group>"; };
		C4D343F11B5E460F00720334 /* Images.xcassets */ = {isa = PBXFileReference; lastKnownFileType = folder.assetcatalog; path = Images.xcassets; sourceTree = "<group>"; };
		C4D343F41B5E460F00720334 /* Base */ = {isa = PBXFileReference; lastKnownFileType = file.xib; name = Base; path = Base.lproj/LaunchScreen.xib; sourceTree = "<group>"; };
		C4D343FA1B5E460F00720334 /* LSDropDownListTests.xctest */ = {isa = PBXFileReference; explicitFileType = wrapper.cfbundle; includeInIndex = 0; path = LSDropDownListTests.xctest; sourceTree = BUILT_PRODUCTS_DIR; };
		C4D343FF1B5E460F00720334 /* Info.plist */ = {isa = PBXFileReference; lastKnownFileType = text.plist.xml; path = Info.plist; sourceTree = "<group>"; };
		C4D344001B5E460F00720334 /* LSDropDownListTests.m */ = {isa = PBXFileReference; lastKnownFileType = sourcecode.c.objc; path = LSDropDownListTests.m; sourceTree = "<group>"; };
/* End PBXFileReference section */

/* Begin PBXFrameworksBuildPhase section */
		C4D343DE1B5E460F00720334 /* Frameworks */ = {
			isa = PBXFrameworksBuildPhase;
			buildActionMask = 2147483647;
			files = (
			);
			runOnlyForDeploymentPostprocessing = 0;
		};
		C4D343F71B5E460F00720334 /* Frameworks */ = {
			isa = PBXFrameworksBuildPhase;
			buildActionMask = 2147483647;
			files = (
			);
			runOnlyForDeploymentPostprocessing = 0;
		};
/* End PBXFrameworksBuildPhase section */

/* Begin PBXGroup section */
		C4D343D81B5E460F00720334 = {
			isa = PBXGroup;
			children = (
				C4D343E31B5E460F00720334 /* LSDropDownList */,
				C4D343FD1B5E460F00720334 /* LSDropDownListTests */,
				C4D343E21B5E460F00720334 /* Products */,
			);
			sourceTree = "<group>";
		};
		C4D343E21B5E460F00720334 /* Products */ = {
			isa = PBXGroup;
			children = (
				C4D343E11B5E460F00720334 /* LSDropDownList.app */,
				C4D343FA1B5E460F00720334 /* LSDropDownListTests.xctest */,
			);
			name = Products;
			sourceTree = "<group>";
		};
		C4D343E31B5E460F00720334 /* LSDropDownList */ = {
			isa = PBXGroup;
			children = (
				C4D343E81B5E460F00720334 /* AppDelegate.h */,
				C4D343E91B5E460F00720334 /* AppDelegate.m */,
				C4D343EB1B5E460F00720334 /* ViewController.h */,
				C4D343EC1B5E460F00720334 /* ViewController.m */,
				C4D343EE1B5E460F00720334 /* Main.storyboard */,
				C4D343F11B5E460F00720334 /* Images.xcassets */,
				C4D343F31B5E460F00720334 /* LaunchScreen.xib */,
				C4D343E41B5E460F00720334 /* Supporting Files */,
			);
			path = LSDropDownList;
			sourceTree = "<group>";
		};
		C4D343E41B5E460F00720334 /* Supporting Files */ = {
			isa = PBXGroup;
			children = (
				C4D343E51B5E460F00720334 /* Info.plist */,
				C4D343E61B5E460F00720334 /* main.m */,
			);
			name = "Supporting Files";
			sourceTree = "<group>";
		};
		C4D343FD1B5E460F00720334 /* LSDropDownListTests */ = {
			isa = PBXGroup;
			children = (
				C4D344001B5E460F00720334 /* LSDropDownListTests.m */,
				C4D343FE1B5E460F00720334 /* Supporting Files */,
			);
			path = LSDropDownListTests;
			sourceTree = "<group>";
		};
		C4D343FE1B5E460F00720334 /* Supporting Files */ = {
			isa = PBXGroup;
			children = (
				C4D343FF1B5E460F00720334 /* Info.plist */,
			);
			name = "Supporting Files";
			sourceTree = "<group>";
		};
/* End PBXGroup section */

/* Begin PBXNativeTarget section */
		C4D343E01B5E460F00720334 /* LSDropDownList */ = {
			isa = PBXNativeTarget;
			buildConfigurationList = C4D344041B5E460F00720334 /* Build configuration list for PBXNativeTarget "LSDropDownList" */;
			buildPhases = (
				C4D343DD1B5E460F00720334 /* Sources */,
				C4D343DE1B5E460F00720334 /* Frameworks */,
				C4D343DF1B5E460F00720334 /* Resources */,
			);
			buildRules = (
			);
			dependencies = (
			);
			name = LSDropDownList;
			productName = LSDropDownList;
			productReference = C4D343E11B5E460F00720334 /* LSDropDownList.app */;
			productType = "com.apple.product-type.application";
		};
		C4D343F91B5E460F00720334 /* LSDropDownListTests */ = {
			isa = PBXNativeTarget;
			buildConfigurationList = C4D344071B5E460F00720334 /* Build configuration list for PBXNativeTarget "LSDropDownListTests" */;
			buildPhases = (
				C4D343F61B5E460F00720334 /* Sources */,
				C4D343F71B5E460F00720334 /* Frameworks */,
				C4D343F81B5E460F00720334 /* Resources */,
			);
			buildRules = (
			);
			dependencies = (
				C4D343FC1B5E460F00720334 /* PBXTargetDependency */,
			);
			name = LSDropDownListTests;
			productName = LSDropDownListTests;
			productReference = C4D343FA1B5E460F00720334 /* LSDropDownListTests.xctest */;
			productType = "com.apple.product-type.bundle.unit-test";
		};
/* End PBXNativeTarget section */

/* Begin PBXProject section */
		C4D343D91B5E460F00720334 /* Project object */ = {
			isa = PBXProject;
			attributes = {
				LastUpgradeCheck = 0630;
				ORGANIZATIONNAME = "Shawn Li";
				TargetAttributes = {
					C4D343E01B5E460F00720334 = {
						CreatedOnToolsVersion = 6.3.1;
					};
					C4D343F91B5E460F00720334 = {
						CreatedOnToolsVersion = 6.3.1;
						TestTargetID = C4D343E01B5E460F00720334;
					};
				};
			};
			buildConfigurationList = C4D343DC1B5E460F00720334 /* Build configuration list for PBXProject "LSDropDownList" */;
			compatibilityVersion = "Xcode 3.2";
			developmentRegion = English;
			hasScannedForEncodings = 0;
			knownRegions = (
				en,
				Base,
			);
			mainGroup = C4D343D81B5E460F00720334;
			productRefGroup = C4D343E21B5E460F00720334 /* Products */;
			projectDirPath = "";
			projectRoot = "";
			targets = (
				C4D343E01B5E460F00720334 /* LSDropDownList */,
				C4D343F91B5E460F00720334 /* LSDropDownListTests */,
			);
		};
/* End PBXProject section */

/* Begin PBXResourcesBuildPhase section */
		C4D343DF1B5E460F00720334 /* Resources */ = {
			isa = PBXResourcesBuildPhase;
			buildActionMask = 2147483647;
			files = (
				C4D343F01B5E460F00720334 /* Main.storyboard in Resources */,
				C4D343F51B5E460F00720334 /* LaunchScreen.xib in Resources */,
				C4D343F21B5E460F00720334 /* Images.xcassets in Resources */,
			);
			runOnlyForDeploymentPostprocessing = 0;
		};
		C4D343F81B5E460F00720334 /* Resources */ = {
			isa = PBXResourcesBuildPhase;
			buildActionMask = 2147483647;
			files = (
			);
			runOnlyForDeploymentPostprocessing = 0;
		};
/* End PBXResourcesBuildPhase section */

/* Begin PBXSourcesBuildPhase section */
		C4D343DD1B5E460F00720334 /* Sources */ = {
			isa = PBXSourcesBuildPhase;
			buildActionMask = 2147483647;
			files = (
				C4D343ED1B5E460F00720334 /* ViewController.m in Sources */,
				C4D343EA1B5E460F00720334 /* AppDelegate.m in Sources */,
				C4D343E71B5E460F00720334 /* main.m in Sources */,
			);
			runOnlyForDeploymentPostprocessing = 0;
		};
		C4D343F61B5E460F00720334 /* Sources */ = {
			isa = PBXSourcesBuildPhase;
			buildActionMask = 2147483647;
			files = (
				C4D344011B5E460F00720334 /* LSDropDownListTests.m in Sources */,
			);
			runOnlyForDeploymentPostprocessing = 0;
		};
/* End PBXSourcesBuildPhase section */

/* Begin PBXTargetDependency section */
		C4D343FC1B5E460F00720334 /* PBXTargetDependency */ = {
			isa = PBXTargetDependency;
			target = C4D343E01B5E460F00720334 /* LSDropDownList */;
			targetProxy = C4D343FB1B5E460F00720334 /* PBXContainerItemProxy */;
		};
/* End PBXTargetDependency section */

/* Begin PBXVariantGroup section */
		C4D343EE1B5E460F00720334 /* Main.storyboard */ = {
			isa = PBXVariantGroup;
			children = (
				C4D343EF1B5E460F00720334 /* Base */,
			);
			name = Main.storyboard;
			sourceTree = "<group>";
		};
		C4D343F31B5E460F00720334 /* LaunchScreen.xib */ = {
			isa = PBXVariantGroup;
			children = (
				C4D343F41B5E460F00720334 /* Base */,
			);
			name = LaunchScreen.xib;
			sourceTree = "<group>";
		};
/* End PBXVariantGroup section */

/* Begin XCBuildConfiguration section */
		C4D344021B5E460F00720334 /* Debug */ = {
			isa = XCBuildConfiguration;
			buildSettings = {
				ALWAYS_SEARCH_USER_PATHS = NO;
				CLANG_CXX_LANGUAGE_STANDARD = "gnu++0x";
				CLANG_CXX_LIBRARY = "libc++";
				CLANG_ENABLE_MODULES = YES;
				CLANG_ENABLE_OBJC_ARC = YES;
				CLANG_WARN_BOOL_CONVERSION = YES;
				CLANG_WARN_CONSTANT_CONVERSION = YES;
				CLANG_WARN_DIRECT_OBJC_ISA_USAGE = YES_ERROR;
				CLANG_WARN_EMPTY_BODY = YES;
				CLANG_WARN_ENUM_CONVERSION = YES;
				CLANG_WARN_INT_CONVERSION = YES;
				CLANG_WARN_OBJC_ROOT_CLASS = YES_ERROR;
				CLANG_WARN_UNREACHABLE_CODE = YES;
				CLANG_WARN__DUPLICATE_METHOD_MATCH = YES;
				"CODE_SIGN_IDENTITY[sdk=iphoneos*]" = "iPhone Developer";
				COPY_PHASE_STRIP = NO;
				DEBUG_INFORMATION_FORMAT = "dwarf-with-dsym";
				ENABLE_STRICT_OBJC_MSGSEND = YES;
				GCC_C_LANGUAGE_STANDARD = gnu99;
				GCC_DYNAMIC_NO_PIC = NO;
				GCC_NO_COMMON_BLOCKS = YES;
				GCC_OPTIMIZATION_LEVEL = 0;
				GCC_PREPROCESSOR_DEFINITIONS = (
					"DEBUG=1",
					"$(inherited)",
				);
				GCC_SYMBOLS_PRIVATE_EXTERN = NO;
				GCC_WARN_64_TO_32_BIT_CONVERSION = YES;
				GCC_WARN_ABOUT_RETURN_TYPE = YES_ERROR;
				GCC_WARN_UNDECLARED_SELECTOR = YES;
				GCC_WARN_UNINITIALIZED_AUTOS = YES_AGGRESSIVE;
				GCC_WARN_UNUSED_FUNCTION = YES;
				GCC_WARN_UNUSED_VARIABLE = YES;
				IPHONEOS_DEPLOYMENT_TARGET = 8.3;
				MTL_ENABLE_DEBUG_INFO = YES;
				ONLY_ACTIVE_ARCH = YES;
				SDKROOT = iphoneos;
			};
			name = Debug;
		};
		C4D344031B5E460F00720334 /* Release */ = {
			isa = XCBuildConfiguration;
			buildSettings = {
				ALWAYS_SEARCH_USER_PATHS = NO;
				CLANG_CXX_LANGUAGE_STANDARD = "gnu++0x";
				CLANG_CXX_LIBRARY = "libc++";
				CLANG_ENABLE_MODULES = YES;
				CLANG_ENABLE_OBJC_ARC = YES;
				CLANG_WARN_BOOL_CONVERSION = YES;
				CLANG_WARN_CONSTANT_CONVERSION = YES;
				CLANG_WARN_DIRECT_OBJC_ISA_USAGE = YES_ERROR;
				CLANG_WARN_EMPTY_BODY = YES;
				CLANG_WARN_ENUM_CONVERSION = YES;
				CLANG_WARN_INT_CONVERSION = YES;
				CLANG_WARN_OBJC_ROOT_CLASS = YES_ERROR;
				CLANG_WARN_UNREACHABLE_CODE = YES;
				CLANG_WARN__DUPLICATE_METHOD_MATCH = YES;
				"CODE_SIGN_IDENTITY[sdk=iphoneos*]" = "iPhone Developer";
				COPY_PHASE_STRIP = NO;
				DEBUG_INFORMATION_FORMAT = "dwarf-with-dsym";
				ENABLE_NS_ASSERTIONS = NO;
				ENABLE_STRICT_OBJC_MSGSEND = YES;
				GCC_C_LANGUAGE_STANDARD = gnu99;
				GCC_NO_COMMON_BLOCKS = YES;
				GCC_WARN_64_TO_32_BIT_CONVERSION = YES;
				GCC_WARN_ABOUT_RETURN_TYPE = YES_ERROR;
				GCC_WARN_UNDECLARED_SELECTOR = YES;
				GCC_WARN_UNINITIALIZED_AUTOS = YES_AGGRESSIVE;
				GCC_WARN_UNUSED_FUNCTION = YES;
				GCC_WARN_UNUSED_VARIABLE = YES;
				IPHONEOS_DEPLOYMENT_TARGET = 8.3;
				MTL_ENABLE_DEBUG_INFO = NO;
				SDKROOT = iphoneos;
				VALIDATE_PRODUCT = YES;
			};
			name = Release;
		};
		C4D344051B5E460F00720334 /* Debug */ = {
			isa = XCBuildConfiguration;
			buildSettings = {
				ASSETCATALOG_COMPILER_APPICON_NAME = AppIcon;
				INFOPLIST_FILE = LSDropDownList/Info.plist;
				LD_RUNPATH_SEARCH_PATHS = "$(inherited) @executable_path/Frameworks";
				PRODUCT_NAME = "$(TARGET_NAME)";
			};
			name = Debug;
		};
		C4D344061B5E460F00720334 /* Release */ = {
			isa = XCBuildConfiguration;
			buildSettings = {
				ASSETCATALOG_COMPILER_APPICON_NAME = AppIcon;
				INFOPLIST_FILE = LSDropDownList/Info.plist;
				LD_RUNPATH_SEARCH_PATHS = "$(inherited) @executable_path/Frameworks";
				PRODUCT_NAME = "$(TARGET_NAME)";
			};
			name = Release;
		};
		C4D344081B5E460F00720334 /* Debug */ = {
			isa = XCBuildConfiguration;
			buildSettings = {
				BUNDLE_LOADER = "$(TEST_HOST)";
				FRAMEWORK_SEARCH_PATHS = (
					"$(SDKROOT)/Developer/Library/Frameworks",
					"$(inherited)",
				);
				GCC_PREPROCESSOR_DEFINITIONS = (
					"DEBUG=1",
					"$(inherited)",
				);
				INFOPLIST_FILE = LSDropDownListTests/Info.plist;
				LD_RUNPATH_SEARCH_PATHS = "$(inherited) @executable_path/Frameworks @loader_path/Frameworks";
				PRODUCT_NAME = "$(TARGET_NAME)";
				TEST_HOST = "$(BUILT_PRODUCTS_DIR)/LSDropDownList.app/LSDropDownList";
			};
			name = Debug;
		};
		C4D344091B5E460F00720334 /* Release */ = {
			isa = XCBuildConfiguration;
			buildSettings = {
				BUNDLE_LOADER = "$(TEST_HOST)";
				FRAMEWORK_SEARCH_PATHS = (
					"$(SDKROOT)/Developer/Library/Frameworks",
					"$(inherited)",
				);
				INFOPLIST_FILE = LSDropDownListTests/Info.plist;
				LD_RUNPATH_SEARCH_PATHS = "$(inherited) @executable_path/Frameworks @loader_path/Frameworks";
				PRODUCT_NAME = "$(TARGET_NAME)";
				TEST_HOST = "$(BUILT_PRODUCTS_DIR)/LSDropDownList.app/LSDropDownList";
			};
			name = Release;
		};
/* End XCBuildConfiguration section */

/* Begin XCConfigurationList section */
		C4D343DC1B5E460F00720334 /* Build configuration list for PBXProject "LSDropDownList" */ = {
			isa = XCConfigurationList;
			buildConfigurations = (
				C4D344021B5E460F00720334 /* Debug */,
				C4D344031B5E460F00720334 /* Release */,
			);
			defaultConfigurationIsVisible = 0;
			defaultConfigurationName = Release;
		};
		C4D344041B5E460F00720334 /* Build configuration list for PBXNativeTarget "LSDropDownList" */ = {
			isa = XCConfigurationList;
			buildConfigurations = (
				C4D344051B5E460F00720334 /* Debug */,
				C4D344061B5E460F00720334 /* Release */,
			);
			defaultConfigurationIsVisible = 0;
		};
		C4D344071B5E460F00720334 /* Build configuration list for PBXNativeTarget "LSDropDownListTests" */ = {
			isa = XCConfigurationList;
			buildConfigurations = (
				C4D344081B5E460F00720334 /* Debug */,
				C4D344091B5E460F00720334 /* Release */,
			);
			defaultConfigurationIsVisible = 0;
		};
/* End XCConfigurationList section */
	};
	rootObject = C4D343D91B5E460F00720334 /* Project object */;
}
